
Microsoft Visual Studio Solution File, Format Version 12.00
# Visual Studio Version 16
VisualStudioVersion = 16.0.29424.173
MinimumVisualStudioVersion = 15.0.26124.0
Project("{9A19103F-16F7-4668-BE54-9A1E7A4F7556}") = "grpcservice", "grpcservice\grpcservice.csproj", "{E85A6D84-F241-42C1-A505-B6BAC53B3D79}"
EndProject
Project("{9A19103F-16F7-4668-BE54-9A1E7A4F7556}") = "api", "api\api.csproj", "{0C3126CC-C56E-4F66-929F-7DF109EFBD94}"
EndProject
Global
	GlobalSection(SolutionConfigurationPlatforms) = preSolution
		Debug|Any CPU = Debug|Any CPU
		Debug|x64 = Debug|x64
		Debug|x86 = Debug|x86
		Release|Any CPU = Release|Any CPU
		Release|x64 = Release|x64
		Release|x86 = Release|x86
	EndGlobalSection
	GlobalSection(ProjectConfigurationPlatforms) = postSolution
		{E85A6D84-F241-42C1-A505-B6BAC53B3D79}.Debug|Any CPU.ActiveCfg = Debug|Any CPU
		{E85A6D84-F241-42C1-A505-B6BAC53B3D79}.Debug|Any CPU.Build.0 = Debug|Any CPU
		{E85A6D84-F241-42C1-A505-B6BAC53B3D79}.Debug|x64.ActiveCfg = Debug|Any CPU
		{E85A6D84-F241-42C1-A505-B6BAC53B3D79}.Debug|x64.Build.0 = Debug|Any CPU
		{E85A6D84-F241-42C1-A505-B6BAC53B3D79}.Debug|x86.ActiveCfg = Debug|Any CPU
		{E85A6D84-F241-42C1-A505-B6BAC53B3D79}.Debug|x86.Build.0 = Debug|Any CPU
		{E85A6D84-F241-42C1-A505-B6BAC53B3D79}.Release|Any CPU.ActiveCfg = Release|Any CPU
		{E85A6D84-F241-42C1-A505-B6BAC53B3D79}.Release|Any CPU.Build.0 = Release|Any CPU
		{E85A6D84-F241-42C1-A505-B6BAC53B3D79}.Release|x64.ActiveCfg = Release|Any CPU
		{E85A6D84-F241-42C1-A505-B6BAC53B3D79}.Release|x64.Build.0 = Release|Any CPU
		{E85A6D84-F241-42C1-A505-B6BAC53B3D79}.Release|x86.ActiveCfg = Release|Any CPU
		{E85A6D84-F241-42C1-A505-B6BAC53B3D79}.Release|x86.Build.0 = Release|Any CPU
		{0C3126CC-C56E-4F66-929F-7DF109EFBD94}.Debug|Any CPU.ActiveCfg = Debug|Any CPU
		{0C3126CC-C56E-4F66-929F-7DF109EFBD94}.Debug|Any CPU.Build.0 = Debug|Any CPU
		{0C3126CC-C56E-4F66-929F-7DF109EFBD94}.Debug|x64.ActiveCfg = Debug|Any CPU
		{0C3126CC-C56E-4F66-929F-7DF109EFBD94}.Debug|x64.Build.0 = Debug|Any CPU
		{0C3126CC-C56E-4F66-929F-7DF109EFBD94}.Debug|x86.ActiveCfg = Debug|Any CPU
		{0C3126CC-C56E-4F66-929F-7DF109EFBD94}.Debug|x86.Build.0 = Debug|Any CPU
		{0C3126CC-C56E-4F66-929F-7DF109EFBD94}.Release|Any CPU.ActiveCfg = Release|Any CPU
		{0C3126CC-C56E-4F66-929F-7DF109EFBD94}.Release|Any CPU.Build.0 = Release|Any CPU
		{0C3126CC-C56E-4F66-929F-7DF109EFBD94}.Release|x64.ActiveCfg = Release|Any CPU
		{0C3126CC-C56E-4F66-929F-7DF109EFBD94}.Release|x64.Build.0 = Release|Any CPU
		{0C3126CC-C56E-4F66-929F-7DF109EFBD94}.Release|x86.ActiveCfg = Release|Any CPU
		{0C3126CC-C56E-4F66-929F-7DF109EFBD94}.Release|x86.Build.0 = Release|Any CPU
	EndGlobalSection
	GlobalSection(SolutionProperties) = preSolution
		HideSolutionNode = FALSE
	EndGlobalSection
	GlobalSection(ExtensibilityGlobals) = postSolution
		SolutionGuid = {60809BC4-2436-4C60-9CB2-B4421F5996F9}
	EndGlobalSection
EndGlobal
